{
  "pins" : [
    {
      "identity" : "swiftnetworkservice",
      "kind" : "remoteSourceControl",
      "location" : "https://github.com/yamin335/SwiftNetworkService",
      "state" : {
        "revision" : "20824ffce92394d4898aeb625e9d9efa142816d1",
        "version" : "1.1.1"
      }
    }
  ],
  "version" : 2
}
