// !$*UTF8*$!
{
	archiveVersion = 1;
	classes = {
	};
	objectVersion = 56;
	objects = {

/* Begin PBXBuildFile section */
		6E1E2F6F2A4DE7AE00E0C496 /* MainContentView.swift in Sources */ = {isa = PBXBuildFile; fileRef = 6E1E2F6E2A4DE7AE00E0C496 /* MainContentView.swift */; };
		6E1E2F702A4DE7AE00E0C496 /* MainContentView.swift in Sources */ = {isa = PBXBuildFile; fileRef = 6E1E2F6E2A4DE7AE00E0C496 /* MainContentView.swift */; };
		6E1E2F712A4DE7AE00E0C496 /* MainContentView.swift in Sources */ = {isa = PBXBuildFile; fileRef = 6E1E2F6E2A4DE7AE00E0C496 /* MainContentView.swift */; };
		6E1E2F742A4DEAC300E0C496 /* SplashView.swift in Sources */ = {isa = PBXBuildFile; fileRef = 6E1E2F732A4DEAC300E0C496 /* SplashView.swift */; };
		6E1E2F752A4DEAC300E0C496 /* SplashView.swift in Sources */ = {isa = PBXBuildFile; fileRef = 6E1E2F732A4DEAC300E0C496 /* SplashView.swift */; };
		6E1E2F762A4DEAC300E0C496 /* SplashView.swift in Sources */ = {isa = PBXBuildFile; fileRef = 6E1E2F732A4DEAC300E0C496 /* SplashView.swift */; };
		6E1E2F782A4DEC8B00E0C496 /* LoginView.swift in Sources */ = {isa = PBXBuildFile; fileRef = 6E1E2F772A4DEC8B00E0C496 /* LoginView.swift */; };
		6E1E2F792A4DEC8B00E0C496 /* LoginView.swift in Sources */ = {isa = PBXBuildFile; fileRef = 6E1E2F772A4DEC8B00E0C496 /* LoginView.swift */; };
		6E1E2F7A2A4DEC8B00E0C496 /* LoginView.swift in Sources */ = {isa = PBXBuildFile; fileRef = 6E1E2F772A4DEC8B00E0C496 /* LoginView.swift */; };
		6E1E2F7C2A4E22A400E0C496 /* LoginViewModel.swift in Sources */ = {isa = PBXBuildFile; fileRef = 6E1E2F7B2A4E22A400E0C496 /* LoginViewModel.swift */; };
		6E1E2F7D2A4E22A400E0C496 /* LoginViewModel.swift in Sources */ = {isa = PBXBuildFile; fileRef = 6E1E2F7B2A4E22A400E0C496 /* LoginViewModel.swift */; };
		6E1E2F7E2A4E22A400E0C496 /* LoginViewModel.swift in Sources */ = {isa = PBXBuildFile; fileRef = 6E1E2F7B2A4E22A400E0C496 /* LoginViewModel.swift */; };
		6E1E2F802A4E266400E0C496 /* BottomTabContainerView.swift in Sources */ = {isa = PBXBuildFile; fileRef = 6E1E2F7F2A4E266400E0C496 /* BottomTabContainerView.swift */; };
		6E1E2F812A4E266400E0C496 /* BottomTabContainerView.swift in Sources */ = {isa = PBXBuildFile; fileRef = 6E1E2F7F2A4E266400E0C496 /* BottomTabContainerView.swift */; };
		6E1E2F822A4E266400E0C496 /* BottomTabContainerView.swift in Sources */ = {isa = PBXBuildFile; fileRef = 6E1E2F7F2A4E266400E0C496 /* BottomTabContainerView.swift */; };
		6E1E2F842A4E271700E0C496 /* Extensions.swift in Sources */ = {isa = PBXBuildFile; fileRef = 6E1E2F832A4E271700E0C496 /* Extensions.swift */; };
		6E1E2F852A4E271700E0C496 /* Extensions.swift in Sources */ = {isa = PBXBuildFile; fileRef = 6E1E2F832A4E271700E0C496 /* Extensions.swift */; };
		6E1E2F862A4E271700E0C496 /* Extensions.swift in Sources */ = {isa = PBXBuildFile; fileRef = 6E1E2F832A4E271700E0C496 /* Extensions.swift */; };
		6E1E2F8D2A4E54F400E0C496 /* RoundedTextField.swift in Sources */ = {isa = PBXBuildFile; fileRef = 6E1E2F8C2A4E54F400E0C496 /* RoundedTextField.swift */; };
		6E1E2F8E2A4E54F400E0C496 /* RoundedTextField.swift in Sources */ = {isa = PBXBuildFile; fileRef = 6E1E2F8C2A4E54F400E0C496 /* RoundedTextField.swift */; };
		6E1E2F8F2A4E54F400E0C496 /* RoundedTextField.swift in Sources */ = {isa = PBXBuildFile; fileRef = 6E1E2F8C2A4E54F400E0C496 /* RoundedTextField.swift */; };
		6E1E2F912A4E634F00E0C496 /* RoundedTextFieldStyle.swift in Sources */ = {isa = PBXBuildFile; fileRef = 6E1E2F902A4E634F00E0C496 /* RoundedTextFieldStyle.swift */; };
		6E1E2F922A4E634F00E0C496 /* RoundedTextFieldStyle.swift in Sources */ = {isa = PBXBuildFile; fileRef = 6E1E2F902A4E634F00E0C496 /* RoundedTextFieldStyle.swift */; };
		6E1E2F932A4E634F00E0C496 /* RoundedTextFieldStyle.swift in Sources */ = {isa = PBXBuildFile; fileRef = 6E1E2F902A4E634F00E0C496 /* RoundedTextFieldStyle.swift */; };
		6E76D7242A4C8724009052AF /* WorldOfPAYBACKApp.swift in Sources */ = {isa = PBXBuildFile; fileRef = 6E76D7232A4C8724009052AF /* WorldOfPAYBACKApp.swift */; };
		6E76D7262A4C8724009052AF /* ContentView.swift in Sources */ = {isa = PBXBuildFile; fileRef = 6E76D7252A4C8724009052AF /* ContentView.swift */; };
		6E76D7282A4C8726009052AF /* Assets.xcassets in Resources */ = {isa = PBXBuildFile; fileRef = 6E76D7272A4C8726009052AF /* Assets.xcassets */; };
		6E76D72B2A4C8726009052AF /* Preview Assets.xcassets in Resources */ = {isa = PBXBuildFile; fileRef = 6E76D72A2A4C8726009052AF /* Preview Assets.xcassets */; };
		6E76D7352A4C8726009052AF /* WorldOfPAYBACKTests.swift in Sources */ = {isa = PBXBuildFile; fileRef = 6E76D7342A4C8726009052AF /* WorldOfPAYBACKTests.swift */; };
		6E76D73F2A4C8726009052AF /* WorldOfPAYBACKUITests.swift in Sources */ = {isa = PBXBuildFile; fileRef = 6E76D73E2A4C8726009052AF /* WorldOfPAYBACKUITests.swift */; };
		6E76D7412A4C8726009052AF /* WorldOfPAYBACKUITestsLaunchTests.swift in Sources */ = {isa = PBXBuildFile; fileRef = 6E76D7402A4C8726009052AF /* WorldOfPAYBACKUITestsLaunchTests.swift */; };
		6E76D74F2A4CBC13009052AF /* PBTransactions.json in Resources */ = {isa = PBXBuildFile; fileRef = 6E76D74E2A4CBC13009052AF /* PBTransactions.json */; };
		6E76D7502A4CBC13009052AF /* PBTransactions.json in Resources */ = {isa = PBXBuildFile; fileRef = 6E76D74E2A4CBC13009052AF /* PBTransactions.json */; };
		6E76D7512A4CBC13009052AF /* PBTransactions.json in Resources */ = {isa = PBXBuildFile; fileRef = 6E76D74E2A4CBC13009052AF /* PBTransactions.json */; };
		6E76D7562A4CBCA4009052AF /* BaseViewModel.swift in Sources */ = {isa = PBXBuildFile; fileRef = 6E76D7552A4CBCA4009052AF /* BaseViewModel.swift */; };
		6E76D7572A4CBCA4009052AF /* BaseViewModel.swift in Sources */ = {isa = PBXBuildFile; fileRef = 6E76D7552A4CBCA4009052AF /* BaseViewModel.swift */; };
		6E76D7582A4CBCA4009052AF /* BaseViewModel.swift in Sources */ = {isa = PBXBuildFile; fileRef = 6E76D7552A4CBCA4009052AF /* BaseViewModel.swift */; };
		6E76D7612A4CD33F009052AF /* NetworkObserver.swift in Sources */ = {isa = PBXBuildFile; fileRef = 6E76D7602A4CD33F009052AF /* NetworkObserver.swift */; };
		6E76D7622A4CD33F009052AF /* NetworkObserver.swift in Sources */ = {isa = PBXBuildFile; fileRef = 6E76D7602A4CD33F009052AF /* NetworkObserver.swift */; };
		6E76D7632A4CD33F009052AF /* NetworkObserver.swift in Sources */ = {isa = PBXBuildFile; fileRef = 6E76D7602A4CD33F009052AF /* NetworkObserver.swift */; };
		6E76D7662A4CF47F009052AF /* UnelevetedButtonStyle.swift in Sources */ = {isa = PBXBuildFile; fileRef = 6E76D7652A4CF47F009052AF /* UnelevetedButtonStyle.swift */; };
		6E76D7672A4CF47F009052AF /* UnelevetedButtonStyle.swift in Sources */ = {isa = PBXBuildFile; fileRef = 6E76D7652A4CF47F009052AF /* UnelevetedButtonStyle.swift */; };
		6E76D7682A4CF47F009052AF /* UnelevetedButtonStyle.swift in Sources */ = {isa = PBXBuildFile; fileRef = 6E76D7652A4CF47F009052AF /* UnelevetedButtonStyle.swift */; };
		6E76D76A2A4CF4C1009052AF /* OutlinedButtonStyle.swift in Sources */ = {isa = PBXBuildFile; fileRef = 6E76D7692A4CF4C1009052AF /* OutlinedButtonStyle.swift */; };
		6E76D76B2A4CF4C1009052AF /* OutlinedButtonStyle.swift in Sources */ = {isa = PBXBuildFile; fileRef = 6E76D7692A4CF4C1009052AF /* OutlinedButtonStyle.swift */; };
		6E76D76C2A4CF4C1009052AF /* OutlinedButtonStyle.swift in Sources */ = {isa = PBXBuildFile; fileRef = 6E76D7692A4CF4C1009052AF /* OutlinedButtonStyle.swift */; };
		6E76D76E2A4CF51C009052AF /* TextStyles.swift in Sources */ = {isa = PBXBuildFile; fileRef = 6E76D76D2A4CF51C009052AF /* TextStyles.swift */; };
		6E76D76F2A4CF51C009052AF /* TextStyles.swift in Sources */ = {isa = PBXBuildFile; fileRef = 6E76D76D2A4CF51C009052AF /* TextStyles.swift */; };
		6E76D7702A4CF51C009052AF /* TextStyles.swift in Sources */ = {isa = PBXBuildFile; fileRef = 6E76D76D2A4CF51C009052AF /* TextStyles.swift */; };
		6E76D7732A4CF677009052AF /* AppState.swift in Sources */ = {isa = PBXBuildFile; fileRef = 6E76D7722A4CF677009052AF /* AppState.swift */; };
		6E76D7742A4CF677009052AF /* AppState.swift in Sources */ = {isa = PBXBuildFile; fileRef = 6E76D7722A4CF677009052AF /* AppState.swift */; };
		6E76D7752A4CF677009052AF /* AppState.swift in Sources */ = {isa = PBXBuildFile; fileRef = 6E76D7722A4CF677009052AF /* AppState.swift */; };
		6E76D7772A4CF829009052AF /* SessionManager.swift in Sources */ = {isa = PBXBuildFile; fileRef = 6E76D7762A4CF829009052AF /* SessionManager.swift */; };
		6E76D7782A4CF829009052AF /* SessionManager.swift in Sources */ = {isa = PBXBuildFile; fileRef = 6E76D7762A4CF829009052AF /* SessionManager.swift */; };
		6E76D7792A4CF829009052AF /* SessionManager.swift in Sources */ = {isa = PBXBuildFile; fileRef = 6E76D7762A4CF829009052AF /* SessionManager.swift */; };
		6E76D77C2A4CFD52009052AF /* JsonLoader.swift in Sources */ = {isa = PBXBuildFile; fileRef = 6E76D77B2A4CFD52009052AF /* JsonLoader.swift */; };
		6E76D77D2A4CFD52009052AF /* JsonLoader.swift in Sources */ = {isa = PBXBuildFile; fileRef = 6E76D77B2A4CFD52009052AF /* JsonLoader.swift */; };
		6E76D77E2A4CFD52009052AF /* JsonLoader.swift in Sources */ = {isa = PBXBuildFile; fileRef = 6E76D77B2A4CFD52009052AF /* JsonLoader.swift */; };
		6E76D7812A4CFE37009052AF /* SuccessToastView.swift in Sources */ = {isa = PBXBuildFile; fileRef = 6E76D7802A4CFE37009052AF /* SuccessToastView.swift */; };
		6E76D7822A4CFE37009052AF /* SuccessToastView.swift in Sources */ = {isa = PBXBuildFile; fileRef = 6E76D7802A4CFE37009052AF /* SuccessToastView.swift */; };
		6E76D7832A4CFE37009052AF /* SuccessToastView.swift in Sources */ = {isa = PBXBuildFile; fileRef = 6E76D7802A4CFE37009052AF /* SuccessToastView.swift */; };
		6E76D7852A4CFE5F009052AF /* ErrorToastView.swift in Sources */ = {isa = PBXBuildFile; fileRef = 6E76D7842A4CFE5F009052AF /* ErrorToastView.swift */; };
		6E76D7862A4CFE5F009052AF /* ErrorToastView.swift in Sources */ = {isa = PBXBuildFile; fileRef = 6E76D7842A4CFE5F009052AF /* ErrorToastView.swift */; };
		6E76D7872A4CFE5F009052AF /* ErrorToastView.swift in Sources */ = {isa = PBXBuildFile; fileRef = 6E76D7842A4CFE5F009052AF /* ErrorToastView.swift */; };
		6E76D7892A4CFF6D009052AF /* RequestHelper.swift in Sources */ = {isa = PBXBuildFile; fileRef = 6E76D7882A4CFF6D009052AF /* RequestHelper.swift */; };
		6E76D78A2A4CFF6D009052AF /* RequestHelper.swift in Sources */ = {isa = PBXBuildFile; fileRef = 6E76D7882A4CFF6D009052AF /* RequestHelper.swift */; };
		6E76D78B2A4CFF6D009052AF /* RequestHelper.swift in Sources */ = {isa = PBXBuildFile; fileRef = 6E76D7882A4CFF6D009052AF /* RequestHelper.swift */; };
		6E76D78D2A4D004D009052AF /* ApiService.swift in Sources */ = {isa = PBXBuildFile; fileRef = 6E76D78C2A4D004D009052AF /* ApiService.swift */; };
		6E76D78E2A4D004D009052AF /* ApiService.swift in Sources */ = {isa = PBXBuildFile; fileRef = 6E76D78C2A4D004D009052AF /* ApiService.swift */; };
		6E76D78F2A4D004D009052AF /* ApiService.swift in Sources */ = {isa = PBXBuildFile; fileRef = 6E76D78C2A4D004D009052AF /* ApiService.swift */; };
		6E76D7912A4D007B009052AF /* AppConstants.swift in Sources */ = {isa = PBXBuildFile; fileRef = 6E76D7902A4D007B009052AF /* AppConstants.swift */; };
		6E76D7922A4D007B009052AF /* AppConstants.swift in Sources */ = {isa = PBXBuildFile; fileRef = 6E76D7902A4D007B009052AF /* AppConstants.swift */; };
		6E76D7932A4D007B009052AF /* AppConstants.swift in Sources */ = {isa = PBXBuildFile; fileRef = 6E76D7902A4D007B009052AF /* AppConstants.swift */; };
		6E76D7952A4D00CB009052AF /* SpinLoaderView.swift in Sources */ = {isa = PBXBuildFile; fileRef = 6E76D7942A4D00CB009052AF /* SpinLoaderView.swift */; };
		6E76D7962A4D00CB009052AF /* SpinLoaderView.swift in Sources */ = {isa = PBXBuildFile; fileRef = 6E76D7942A4D00CB009052AF /* SpinLoaderView.swift */; };
		6E76D7972A4D00CB009052AF /* SpinLoaderView.swift in Sources */ = {isa = PBXBuildFile; fileRef = 6E76D7942A4D00CB009052AF /* SpinLoaderView.swift */; };
		6E76D79A2A4D0171009052AF /* TransactionsResponse.swift in Sources */ = {isa = PBXBuildFile; fileRef = 6E76D7992A4D0171009052AF /* TransactionsResponse.swift */; };
		6E76D79B2A4D0171009052AF /* TransactionsResponse.swift in Sources */ = {isa = PBXBuildFile; fileRef = 6E76D7992A4D0171009052AF /* TransactionsResponse.swift */; };
		6E76D79C2A4D0171009052AF /* TransactionsResponse.swift in Sources */ = {isa = PBXBuildFile; fileRef = 6E76D7992A4D0171009052AF /* TransactionsResponse.swift */; };
		6E76D79E2A4D0573009052AF /* LoginModels.swift in Sources */ = {isa = PBXBuildFile; fileRef = 6E76D79D2A4D0573009052AF /* LoginModels.swift */; };
		6E76D79F2A4D0573009052AF /* LoginModels.swift in Sources */ = {isa = PBXBuildFile; fileRef = 6E76D79D2A4D0573009052AF /* LoginModels.swift */; };
		6E76D7A02A4D0573009052AF /* LoginModels.swift in Sources */ = {isa = PBXBuildFile; fileRef = 6E76D79D2A4D0573009052AF /* LoginModels.swift */; };
		6E86E8542A4E782200413AA4 /* SignUpViewModel.swift in Sources */ = {isa = PBXBuildFile; fileRef = 6E86E8532A4E782200413AA4 /* SignUpViewModel.swift */; };
		6E9100D32A4ED969003D790B /* SignUpView.swift in Sources */ = {isa = PBXBuildFile; fileRef = 6E9100D22A4ED969003D790B /* SignUpView.swift */; };
		6E9100D42A4ED969003D790B /* SignUpView.swift in Sources */ = {isa = PBXBuildFile; fileRef = 6E9100D22A4ED969003D790B /* SignUpView.swift */; };
		6E9100D52A4ED969003D790B /* SignUpView.swift in Sources */ = {isa = PBXBuildFile; fileRef = 6E9100D22A4ED969003D790B /* SignUpView.swift */; };
		6E9100D72A4F2011003D790B /* SettingsView.swift in Sources */ = {isa = PBXBuildFile; fileRef = 6E9100D62A4F2011003D790B /* SettingsView.swift */; };
		6E9100D82A4F2011003D790B /* SettingsView.swift in Sources */ = {isa = PBXBuildFile; fileRef = 6E9100D62A4F2011003D790B /* SettingsView.swift */; };
		6E9100D92A4F2011003D790B /* SettingsView.swift in Sources */ = {isa = PBXBuildFile; fileRef = 6E9100D62A4F2011003D790B /* SettingsView.swift */; };
		6E9100DB2A4F2021003D790B /* TransactionView.swift in Sources */ = {isa = PBXBuildFile; fileRef = 6E9100DA2A4F2021003D790B /* TransactionView.swift */; };
		6E9100DC2A4F2021003D790B /* TransactionView.swift in Sources */ = {isa = PBXBuildFile; fileRef = 6E9100DA2A4F2021003D790B /* TransactionView.swift */; };
		6E9100DD2A4F2021003D790B /* TransactionView.swift in Sources */ = {isa = PBXBuildFile; fileRef = 6E9100DA2A4F2021003D790B /* TransactionView.swift */; };
		6E9100E02A4F29FE003D790B /* TransactionsViewModel.swift in Sources */ = {isa = PBXBuildFile; fileRef = 6E9100DF2A4F29FE003D790B /* TransactionsViewModel.swift */; };
		6E9100E12A4F29FE003D790B /* TransactionsViewModel.swift in Sources */ = {isa = PBXBuildFile; fileRef = 6E9100DF2A4F29FE003D790B /* TransactionsViewModel.swift */; };
		6E9100E22A4F29FE003D790B /* TransactionsViewModel.swift in Sources */ = {isa = PBXBuildFile; fileRef = 6E9100DF2A4F29FE003D790B /* TransactionsViewModel.swift */; };
		6E9100E42A4F542B003D790B /* TransactionCategory.swift in Sources */ = {isa = PBXBuildFile; fileRef = 6E9100E32A4F542B003D790B /* TransactionCategory.swift */; };
		6E9100E52A4F542B003D790B /* TransactionCategory.swift in Sources */ = {isa = PBXBuildFile; fileRef = 6E9100E32A4F542B003D790B /* TransactionCategory.swift */; };
		6E9100E62A4F542B003D790B /* TransactionCategory.swift in Sources */ = {isa = PBXBuildFile; fileRef = 6E9100E32A4F542B003D790B /* TransactionCategory.swift */; };
/* End PBXBuildFile section */

/* Begin PBXContainerItemProxy section */
		6E76D7312A4C8726009052AF /* PBXContainerItemProxy */ = {
			isa = PBXContainerItemProxy;
			containerPortal = 6E76D7182A4C8724009052AF /* Project object */;
			proxyType = 1;
			remoteGlobalIDString = 6E76D71F2A4C8724009052AF;
			remoteInfo = WorldOfPAYBACK;
		};
		6E76D73B2A4C8726009052AF /* PBXContainerItemProxy */ = {
			isa = PBXContainerItemProxy;
			containerPortal = 6E76D7182A4C8724009052AF /* Project object */;
			proxyType = 1;
			remoteGlobalIDString = 6E76D71F2A4C8724009052AF;
			remoteInfo = WorldOfPAYBACK;
		};
/* End PBXContainerItemProxy section */

/* Begin PBXFileReference section */
		6E1E2F6E2A4DE7AE00E0C496 /* MainContentView.swift */ = {isa = PBXFileReference; lastKnownFileType = sourcecode.swift; path = MainContentView.swift; sourceTree = "<group>"; };
		6E1E2F732A4DEAC300E0C496 /* SplashView.swift */ = {isa = PBXFileReference; lastKnownFileType = sourcecode.swift; path = SplashView.swift; sourceTree = "<group>"; };
		6E1E2F772A4DEC8B00E0C496 /* LoginView.swift */ = {isa = PBXFileReference; lastKnownFileType = sourcecode.swift; path = LoginView.swift; sourceTree = "<group>"; };
		6E1E2F7B2A4E22A400E0C496 /* LoginViewModel.swift */ = {isa = PBXFileReference; lastKnownFileType = sourcecode.swift; path = LoginViewModel.swift; sourceTree = "<group>"; };
		6E1E2F7F2A4E266400E0C496 /* BottomTabContainerView.swift */ = {isa = PBXFileReference; lastKnownFileType = sourcecode.swift; path = BottomTabContainerView.swift; sourceTree = "<group>"; };
		6E1E2F832A4E271700E0C496 /* Extensions.swift */ = {isa = PBXFileReference; lastKnownFileType = sourcecode.swift; path = Extensions.swift; sourceTree = "<group>"; };
		6E1E2F8C2A4E54F400E0C496 /* RoundedTextField.swift */ = {isa = PBXFileReference; lastKnownFileType = sourcecode.swift; path = RoundedTextField.swift; sourceTree = "<group>"; };
		6E1E2F902A4E634F00E0C496 /* RoundedTextFieldStyle.swift */ = {isa = PBXFileReference; lastKnownFileType = sourcecode.swift; path = RoundedTextFieldStyle.swift; sourceTree = "<group>"; };
		6E76D7202A4C8724009052AF /* WorldOfPAYBACK.app */ = {isa = PBXFileReference; explicitFileType = wrapper.application; includeInIndex = 0; path = WorldOfPAYBACK.app; sourceTree = BUILT_PRODUCTS_DIR; };
		6E76D7232A4C8724009052AF /* WorldOfPAYBACKApp.swift */ = {isa = PBXFileReference; lastKnownFileType = sourcecode.swift; path = WorldOfPAYBACKApp.swift; sourceTree = "<group>"; };
		6E76D7252A4C8724009052AF /* ContentView.swift */ = {isa = PBXFileReference; lastKnownFileType = sourcecode.swift; path = ContentView.swift; sourceTree = "<group>"; };
		6E76D7272A4C8726009052AF /* Assets.xcassets */ = {isa = PBXFileReference; lastKnownFileType = folder.assetcatalog; path = Assets.xcassets; sourceTree = "<group>"; };
		6E76D72A2A4C8726009052AF /* Preview Assets.xcassets */ = {isa = PBXFileReference; lastKnownFileType = folder.assetcatalog; path = "Preview Assets.xcassets"; sourceTree = "<group>"; };
		6E76D7302A4C8726009052AF /* WorldOfPAYBACKTests.xctest */ = {isa = PBXFileReference; explicitFileType = wrapper.cfbundle; includeInIndex = 0; path = WorldOfPAYBACKTests.xctest; sourceTree = BUILT_PRODUCTS_DIR; };
		6E76D7342A4C8726009052AF /* WorldOfPAYBACKTests.swift */ = {isa = PBXFileReference; lastKnownFileType = sourcecode.swift; path = WorldOfPAYBACKTests.swift; sourceTree = "<group>"; };
		6E76D73A2A4C8726009052AF /* WorldOfPAYBACKUITests.xctest */ = {isa = PBXFileReference; explicitFileType = wrapper.cfbundle; includeInIndex = 0; path = WorldOfPAYBACKUITests.xctest; sourceTree = BUILT_PRODUCTS_DIR; };
		6E76D73E2A4C8726009052AF /* WorldOfPAYBACKUITests.swift */ = {isa = PBXFileReference; lastKnownFileType = sourcecode.swift; path = WorldOfPAYBACKUITests.swift; sourceTree = "<group>"; };
		6E76D7402A4C8726009052AF /* WorldOfPAYBACKUITestsLaunchTests.swift */ = {isa = PBXFileReference; lastKnownFileType = sourcecode.swift; path = WorldOfPAYBACKUITestsLaunchTests.swift; sourceTree = "<group>"; };
		6E76D74E2A4CBC13009052AF /* PBTransactions.json */ = {isa = PBXFileReference; fileEncoding = 4; lastKnownFileType = text.json; path = PBTransactions.json; sourceTree = "<group>"; };
		6E76D7552A4CBCA4009052AF /* BaseViewModel.swift */ = {isa = PBXFileReference; lastKnownFileType = sourcecode.swift; path = BaseViewModel.swift; sourceTree = "<group>"; };
		6E76D7602A4CD33F009052AF /* NetworkObserver.swift */ = {isa = PBXFileReference; lastKnownFileType = sourcecode.swift; path = NetworkObserver.swift; sourceTree = "<group>"; };
		6E76D7652A4CF47F009052AF /* UnelevetedButtonStyle.swift */ = {isa = PBXFileReference; lastKnownFileType = sourcecode.swift; path = UnelevetedButtonStyle.swift; sourceTree = "<group>"; };
		6E76D7692A4CF4C1009052AF /* OutlinedButtonStyle.swift */ = {isa = PBXFileReference; lastKnownFileType = sourcecode.swift; path = OutlinedButtonStyle.swift; sourceTree = "<group>"; };
		6E76D76D2A4CF51C009052AF /* TextStyles.swift */ = {isa = PBXFileReference; lastKnownFileType = sourcecode.swift; path = TextStyles.swift; sourceTree = "<group>"; };
		6E76D7722A4CF677009052AF /* AppState.swift */ = {isa = PBXFileReference; lastKnownFileType = sourcecode.swift; path = AppState.swift; sourceTree = "<group>"; };
		6E76D7762A4CF829009052AF /* SessionManager.swift */ = {isa = PBXFileReference; lastKnownFileType = sourcecode.swift; path = SessionManager.swift; sourceTree = "<group>"; };
		6E76D77B2A4CFD52009052AF /* JsonLoader.swift */ = {isa = PBXFileReference; lastKnownFileType = sourcecode.swift; path = JsonLoader.swift; sourceTree = "<group>"; };
		6E76D7802A4CFE37009052AF /* SuccessToastView.swift */ = {isa = PBXFileReference; lastKnownFileType = sourcecode.swift; path = SuccessToastView.swift; sourceTree = "<group>"; };
		6E76D7842A4CFE5F009052AF /* ErrorToastView.swift */ = {isa = PBXFileReference; lastKnownFileType = sourcecode.swift; path = ErrorToastView.swift; sourceTree = "<group>"; };
		6E76D7882A4CFF6D009052AF /* RequestHelper.swift */ = {isa = PBXFileReference; lastKnownFileType = sourcecode.swift; path = RequestHelper.swift; sourceTree = "<group>"; };
		6E76D78C2A4D004D009052AF /* ApiService.swift */ = {isa = PBXFileReference; lastKnownFileType = sourcecode.swift; path = ApiService.swift; sourceTree = "<group>"; };
		6E76D7902A4D007B009052AF /* AppConstants.swift */ = {isa = PBXFileReference; lastKnownFileType = sourcecode.swift; path = AppConstants.swift; sourceTree = "<group>"; };
		6E76D7942A4D00CB009052AF /* SpinLoaderView.swift */ = {isa = PBXFileReference; lastKnownFileType = sourcecode.swift; path = SpinLoaderView.swift; sourceTree = "<group>"; };
		6E76D7992A4D0171009052AF /* TransactionsResponse.swift */ = {isa = PBXFileReference; lastKnownFileType = sourcecode.swift; path = TransactionsResponse.swift; sourceTree = "<group>"; };
		6E76D79D2A4D0573009052AF /* LoginModels.swift */ = {isa = PBXFileReference; lastKnownFileType = sourcecode.swift; path = LoginModels.swift; sourceTree = "<group>"; };
		6E86E8532A4E782200413AA4 /* SignUpViewModel.swift */ = {isa = PBXFileReference; lastKnownFileType = sourcecode.swift; path = SignUpViewModel.swift; sourceTree = "<group>"; };
		6E9100D22A4ED969003D790B /* SignUpView.swift */ = {isa = PBXFileReference; lastKnownFileType = sourcecode.swift; path = SignUpView.swift; sourceTree = "<group>"; };
		6E9100D62A4F2011003D790B /* SettingsView.swift */ = {isa = PBXFileReference; lastKnownFileType = sourcecode.swift; path = SettingsView.swift; sourceTree = "<group>"; };
		6E9100DA2A4F2021003D790B /* TransactionView.swift */ = {isa = PBXFileReference; lastKnownFileType = sourcecode.swift; path = TransactionView.swift; sourceTree = "<group>"; };
		6E9100DF2A4F29FE003D790B /* TransactionsViewModel.swift */ = {isa = PBXFileReference; lastKnownFileType = sourcecode.swift; path = TransactionsViewModel.swift; sourceTree = "<group>"; };
		6E9100E32A4F542B003D790B /* TransactionCategory.swift */ = {isa = PBXFileReference; lastKnownFileType = sourcecode.swift; path = TransactionCategory.swift; sourceTree = "<group>"; };
/* End PBXFileReference section */

/* Begin PBXFrameworksBuildPhase section */
		6E76D71D2A4C8724009052AF /* Frameworks */ = {
			isa = PBXFrameworksBuildPhase;
			buildActionMask = 2147483647;
			files = (
			);
			runOnlyForDeploymentPostprocessing = 0;
		};
		6E76D72D2A4C8726009052AF /* Frameworks */ = {
			isa = PBXFrameworksBuildPhase;
			buildActionMask = 2147483647;
			files = (
			);
			runOnlyForDeploymentPostprocessing = 0;
		};
		6E76D7372A4C8726009052AF /* Frameworks */ = {
			isa = PBXFrameworksBuildPhase;
			buildActionMask = 2147483647;
			files = (
			);
			runOnlyForDeploymentPostprocessing = 0;
		};
/* End PBXFrameworksBuildPhase section */

/* Begin PBXGroup section */
		6E1E2F6D2A4DDD5300E0C496 /* Session */ = {
			isa = PBXGroup;
			children = (
				6E76D7762A4CF829009052AF /* SessionManager.swift */,
			);
			path = Session;
			sourceTree = "<group>";
		};
		6E1E2F8B2A4E54C600E0C496 /* Custom Components */ = {
			isa = PBXGroup;
			children = (
				6E1E2F8C2A4E54F400E0C496 /* RoundedTextField.swift */,
			);
			path = "Custom Components";
			sourceTree = "<group>";
		};
		6E76D7172A4C8724009052AF = {
			isa = PBXGroup;
			children = (
				6E76D7222A4C8724009052AF /* WorldOfPAYBACK */,
				6E76D7332A4C8726009052AF /* WorldOfPAYBACKTests */,
				6E76D73D2A4C8726009052AF /* WorldOfPAYBACKUITests */,
				6E76D7212A4C8724009052AF /* Products */,
			);
			sourceTree = "<group>";
		};
		6E76D7212A4C8724009052AF /* Products */ = {
			isa = PBXGroup;
			children = (
				6E76D7202A4C8724009052AF /* WorldOfPAYBACK.app */,
				6E76D7302A4C8726009052AF /* WorldOfPAYBACKTests.xctest */,
				6E76D73A2A4C8726009052AF /* WorldOfPAYBACKUITests.xctest */,
			);
			name = Products;
			sourceTree = "<group>";
		};
		6E76D7222A4C8724009052AF /* WorldOfPAYBACK */ = {
			isa = PBXGroup;
			children = (
				6E1E2F8B2A4E54C600E0C496 /* Custom Components */,
				6E1E2F6D2A4DDD5300E0C496 /* Session */,
				6E76D77A2A4CF86B009052AF /* APIs */,
				6E76D7592A4CBEDF009052AF /* App */,
				6E76D7272A4C8726009052AF /* Assets.xcassets */,
				6E76D7642A4CF412009052AF /* Component Styles */,
				6E76D7252A4C8724009052AF /* ContentView.swift */,
				6E76D7712A4CF65C009052AF /* Global State */,
				6E76D7982A4D00E7009052AF /* Models */,
				6E76D7292A4C8726009052AF /* Preview Content */,
				6E76D74D2A4CBBCB009052AF /* Raw Data */,
				6E76D75F2A4CD2EF009052AF /* Utility */,
				6E76D7542A4CBC84009052AF /* ViewModels */,
				6E76D77F2A4CFE1A009052AF /* Views */,
			);
			path = WorldOfPAYBACK;
			sourceTree = "<group>";
		};
		6E76D7292A4C8726009052AF /* Preview Content */ = {
			isa = PBXGroup;
			children = (
				6E76D72A2A4C8726009052AF /* Preview Assets.xcassets */,
			);
			path = "Preview Content";
			sourceTree = "<group>";
		};
		6E76D7332A4C8726009052AF /* WorldOfPAYBACKTests */ = {
			isa = PBXGroup;
			children = (
				6E76D7342A4C8726009052AF /* WorldOfPAYBACKTests.swift */,
			);
			path = WorldOfPAYBACKTests;
			sourceTree = "<group>";
		};
		6E76D73D2A4C8726009052AF /* WorldOfPAYBACKUITests */ = {
			isa = PBXGroup;
			children = (
				6E76D73E2A4C8726009052AF /* WorldOfPAYBACKUITests.swift */,
				6E76D7402A4C8726009052AF /* WorldOfPAYBACKUITestsLaunchTests.swift */,
			);
			path = WorldOfPAYBACKUITests;
			sourceTree = "<group>";
		};
		6E76D74D2A4CBBCB009052AF /* Raw Data */ = {
			isa = PBXGroup;
			children = (
				6E76D74E2A4CBC13009052AF /* PBTransactions.json */,
			);
			path = "Raw Data";
			sourceTree = "<group>";
		};
		6E76D7542A4CBC84009052AF /* ViewModels */ = {
			isa = PBXGroup;
			children = (
				6E76D7552A4CBCA4009052AF /* BaseViewModel.swift */,
				6E1E2F7B2A4E22A400E0C496 /* LoginViewModel.swift */,
				6E86E8532A4E782200413AA4 /* SignUpViewModel.swift */,
				6E9100DF2A4F29FE003D790B /* TransactionsViewModel.swift */,
				6E9100E32A4F542B003D790B /* TransactionCategory.swift */,
			);
			path = ViewModels;
			sourceTree = "<group>";
		};
		6E76D7592A4CBEDF009052AF /* App */ = {
			isa = PBXGroup;
			children = (
				6E76D7232A4C8724009052AF /* WorldOfPAYBACKApp.swift */,
			);
			path = App;
			sourceTree = "<group>";
		};
		6E76D75F2A4CD2EF009052AF /* Utility */ = {
			isa = PBXGroup;
			children = (
				6E76D7602A4CD33F009052AF /* NetworkObserver.swift */,
				6E76D77B2A4CFD52009052AF /* JsonLoader.swift */,
				6E76D7902A4D007B009052AF /* AppConstants.swift */,
				6E1E2F832A4E271700E0C496 /* Extensions.swift */,
			);
			path = Utility;
			sourceTree = "<group>";
		};
		6E76D7642A4CF412009052AF /* Component Styles */ = {
			isa = PBXGroup;
			children = (
				6E1E2F902A4E634F00E0C496 /* RoundedTextFieldStyle.swift */,
				6E76D7652A4CF47F009052AF /* UnelevetedButtonStyle.swift */,
				6E76D7692A4CF4C1009052AF /* OutlinedButtonStyle.swift */,
				6E76D76D2A4CF51C009052AF /* TextStyles.swift */,
			);
			path = "Component Styles";
			sourceTree = "<group>";
		};
		6E76D7712A4CF65C009052AF /* Global State */ = {
			isa = PBXGroup;
			children = (
				6E76D7722A4CF677009052AF /* AppState.swift */,
			);
			path = "Global State";
			sourceTree = "<group>";
		};
		6E76D77A2A4CF86B009052AF /* APIs */ = {
			isa = PBXGroup;
			children = (
				6E76D7882A4CFF6D009052AF /* RequestHelper.swift */,
				6E76D78C2A4D004D009052AF /* ApiService.swift */,
			);
			path = APIs;
			sourceTree = "<group>";
		};
		6E76D77F2A4CFE1A009052AF /* Views */ = {
			isa = PBXGroup;
			children = (
				6E76D7802A4CFE37009052AF /* SuccessToastView.swift */,
				6E76D7842A4CFE5F009052AF /* ErrorToastView.swift */,
				6E76D7942A4D00CB009052AF /* SpinLoaderView.swift */,
				6E1E2F6E2A4DE7AE00E0C496 /* MainContentView.swift */,
				6E1E2F732A4DEAC300E0C496 /* SplashView.swift */,
				6E1E2F772A4DEC8B00E0C496 /* LoginView.swift */,
				6E1E2F7F2A4E266400E0C496 /* BottomTabContainerView.swift */,
				6E9100D22A4ED969003D790B /* SignUpView.swift */,
				6E9100D62A4F2011003D790B /* SettingsView.swift */,
				6E9100DA2A4F2021003D790B /* TransactionView.swift */,
			);
			path = Views;
			sourceTree = "<group>";
		};
		6E76D7982A4D00E7009052AF /* Models */ = {
			isa = PBXGroup;
			children = (
				6E76D7992A4D0171009052AF /* TransactionsResponse.swift */,
				6E76D79D2A4D0573009052AF /* LoginModels.swift */,
			);
			path = Models;
			sourceTree = "<group>";
		};
/* End PBXGroup section */

/* Begin PBXNativeTarget section */
		6E76D71F2A4C8724009052AF /* WorldOfPAYBACK */ = {
			isa = PBXNativeTarget;
			buildConfigurationList = 6E76D7442A4C8726009052AF /* Build configuration list for PBXNativeTarget "WorldOfPAYBACK" */;
			buildPhases = (
				6E76D71C2A4C8724009052AF /* Sources */,
				6E76D71D2A4C8724009052AF /* Frameworks */,
				6E76D71E2A4C8724009052AF /* Resources */,
			);
			buildRules = (
			);
			dependencies = (
			);
			name = WorldOfPAYBACK;
			productName = WorldOfPAYBACK;
			productReference = 6E76D7202A4C8724009052AF /* WorldOfPAYBACK.app */;
			productType = "com.apple.product-type.application";
		};
		6E76D72F2A4C8726009052AF /* WorldOfPAYBACKTests */ = {
			isa = PBXNativeTarget;
			buildConfigurationList = 6E76D7472A4C8726009052AF /* Build configuration list for PBXNativeTarget "WorldOfPAYBACKTests" */;
			buildPhases = (
				6E76D72C2A4C8726009052AF /* Sources */,
				6E76D72D2A4C8726009052AF /* Frameworks */,
				6E76D72E2A4C8726009052AF /* Resources */,
			);
			buildRules = (
			);
			dependencies = (
				6E76D7322A4C8726009052AF /* PBXTargetDependency */,
			);
			name = WorldOfPAYBACKTests;
			productName = WorldOfPAYBACKTests;
			productReference = 6E76D7302A4C8726009052AF /* WorldOfPAYBACKTests.xctest */;
			productType = "com.apple.product-type.bundle.unit-test";
		};
		6E76D7392A4C8726009052AF /* WorldOfPAYBACKUITests */ = {
			isa = PBXNativeTarget;
			buildConfigurationList = 6E76D74A2A4C8726009052AF /* Build configuration list for PBXNativeTarget "WorldOfPAYBACKUITests" */;
			buildPhases = (
				6E76D7362A4C8726009052AF /* Sources */,
				6E76D7372A4C8726009052AF /* Frameworks */,
				6E76D7382A4C8726009052AF /* Resources */,
			);
			buildRules = (
			);
			dependencies = (
				6E76D73C2A4C8726009052AF /* PBXTargetDependency */,
			);
			name = WorldOfPAYBACKUITests;
			productName = WorldOfPAYBACKUITests;
			productReference = 6E76D73A2A4C8726009052AF /* WorldOfPAYBACKUITests.xctest */;
			productType = "com.apple.product-type.bundle.ui-testing";
		};
/* End PBXNativeTarget section */

/* Begin PBXProject section */
		6E76D7182A4C8724009052AF /* Project object */ = {
			isa = PBXProject;
			attributes = {
				BuildIndependentTargetsInParallel = 1;
				LastSwiftUpdateCheck = 1430;
				LastUpgradeCheck = 1430;
				TargetAttributes = {
					6E76D71F2A4C8724009052AF = {
						CreatedOnToolsVersion = 14.3.1;
					};
					6E76D72F2A4C8726009052AF = {
						CreatedOnToolsVersion = 14.3.1;
						TestTargetID = 6E76D71F2A4C8724009052AF;
					};
					6E76D7392A4C8726009052AF = {
						CreatedOnToolsVersion = 14.3.1;
						TestTargetID = 6E76D71F2A4C8724009052AF;
					};
				};
			};
			buildConfigurationList = 6E76D71B2A4C8724009052AF /* Build configuration list for PBXProject "WorldOfPAYBACK" */;
			compatibilityVersion = "Xcode 14.0";
			developmentRegion = en;
			hasScannedForEncodings = 0;
			knownRegions = (
				en,
				Base,
			);
			mainGroup = 6E76D7172A4C8724009052AF;
			productRefGroup = 6E76D7212A4C8724009052AF /* Products */;
			projectDirPath = "";
			projectRoot = "";
			targets = (
				6E76D71F2A4C8724009052AF /* WorldOfPAYBACK */,
				6E76D72F2A4C8726009052AF /* WorldOfPAYBACKTests */,
				6E76D7392A4C8726009052AF /* WorldOfPAYBACKUITests */,
			);
		};
/* End PBXProject section */

/* Begin PBXResourcesBuildPhase section */
		6E76D71E2A4C8724009052AF /* Resources */ = {
			isa = PBXResourcesBuildPhase;
			buildActionMask = 2147483647;
			files = (
				6E76D72B2A4C8726009052AF /* Preview Assets.xcassets in Resources */,
				6E76D74F2A4CBC13009052AF /* PBTransactions.json in Resources */,
				6E76D7282A4C8726009052AF /* Assets.xcassets in Resources */,
			);
			runOnlyForDeploymentPostprocessing = 0;
		};
		6E76D72E2A4C8726009052AF /* Resources */ = {
			isa = PBXResourcesBuildPhase;
			buildActionMask = 2147483647;
			files = (
				6E76D7502A4CBC13009052AF /* PBTransactions.json in Resources */,
			);
			runOnlyForDeploymentPostprocessing = 0;
		};
		6E76D7382A4C8726009052AF /* Resources */ = {
			isa = PBXResourcesBuildPhase;
			buildActionMask = 2147483647;
			files = (
				6E76D7512A4CBC13009052AF /* PBTransactions.json in Resources */,
			);
			runOnlyForDeploymentPostprocessing = 0;
		};
/* End PBXResourcesBuildPhase section */

/* Begin PBXSourcesBuildPhase section */
		6E76D71C2A4C8724009052AF /* Sources */ = {
			isa = PBXSourcesBuildPhase;
			buildActionMask = 2147483647;
			files = (
				6E76D7662A4CF47F009052AF /* UnelevetedButtonStyle.swift in Sources */,
				6E76D76A2A4CF4C1009052AF /* OutlinedButtonStyle.swift in Sources */,
				6E1E2F7C2A4E22A400E0C496 /* LoginViewModel.swift in Sources */,
				6E9100DB2A4F2021003D790B /* TransactionView.swift in Sources */,
				6E1E2F8D2A4E54F400E0C496 /* RoundedTextField.swift in Sources */,
				6E76D7772A4CF829009052AF /* SessionManager.swift in Sources */,
				6E76D7852A4CFE5F009052AF /* ErrorToastView.swift in Sources */,
				6E76D7912A4D007B009052AF /* AppConstants.swift in Sources */,
				6E76D7262A4C8724009052AF /* ContentView.swift in Sources */,
				6E76D77C2A4CFD52009052AF /* JsonLoader.swift in Sources */,
				6E1E2F912A4E634F00E0C496 /* RoundedTextFieldStyle.swift in Sources */,
				6E1E2F802A4E266400E0C496 /* BottomTabContainerView.swift in Sources */,
				6E76D79A2A4D0171009052AF /* TransactionsResponse.swift in Sources */,
				6E76D7732A4CF677009052AF /* AppState.swift in Sources */,
				6E86E8542A4E782200413AA4 /* SignUpViewModel.swift in Sources */,
				6E76D76E2A4CF51C009052AF /* TextStyles.swift in Sources */,
				6E76D7812A4CFE37009052AF /* SuccessToastView.swift in Sources */,
				6E76D7892A4CFF6D009052AF /* RequestHelper.swift in Sources */,
				6E76D7952A4D00CB009052AF /* SpinLoaderView.swift in Sources */,
				6E9100D72A4F2011003D790B /* SettingsView.swift in Sources */,
				6E76D7242A4C8724009052AF /* WorldOfPAYBACKApp.swift in Sources */,
				6E76D7612A4CD33F009052AF /* NetworkObserver.swift in Sources */,
				6E1E2F782A4DEC8B00E0C496 /* LoginView.swift in Sources */,
				6E76D79E2A4D0573009052AF /* LoginModels.swift in Sources */,
				6E9100E42A4F542B003D790B /* TransactionCategory.swift in Sources */,
				6E1E2F842A4E271700E0C496 /* Extensions.swift in Sources */,
				6E1E2F6F2A4DE7AE00E0C496 /* MainContentView.swift in Sources */,
				6E9100E02A4F29FE003D790B /* TransactionsViewModel.swift in Sources */,
				6E9100D32A4ED969003D790B /* SignUpView.swift in Sources */,
				6E1E2F742A4DEAC300E0C496 /* SplashView.swift in Sources */,
				6E76D78D2A4D004D009052AF /* ApiService.swift in Sources */,
				6E76D7562A4CBCA4009052AF /* BaseViewModel.swift in Sources */,
			);
			runOnlyForDeploymentPostprocessing = 0;
		};
		6E76D72C2A4C8726009052AF /* Sources */ = {
			isa = PBXSourcesBuildPhase;
			buildActionMask = 2147483647;
			files = (
				6E1E2F852A4E271700E0C496 /* Extensions.swift in Sources */,
				6E9100DC2A4F2021003D790B /* TransactionView.swift in Sources */,
				6E76D76F2A4CF51C009052AF /* TextStyles.swift in Sources */,
				6E76D7862A4CFE5F009052AF /* ErrorToastView.swift in Sources */,
				6E1E2F922A4E634F00E0C496 /* RoundedTextFieldStyle.swift in Sources */,
				6E1E2F8E2A4E54F400E0C496 /* RoundedTextField.swift in Sources */,
				6E9100E12A4F29FE003D790B /* TransactionsViewModel.swift in Sources */,
				6E76D77D2A4CFD52009052AF /* JsonLoader.swift in Sources */,
				6E76D7962A4D00CB009052AF /* SpinLoaderView.swift in Sources */,
				6E76D76B2A4CF4C1009052AF /* OutlinedButtonStyle.swift in Sources */,
				6E9100D42A4ED969003D790B /* SignUpView.swift in Sources */,
				6E1E2F702A4DE7AE00E0C496 /* MainContentView.swift in Sources */,
				6E76D78A2A4CFF6D009052AF /* RequestHelper.swift in Sources */,
				6E76D7742A4CF677009052AF /* AppState.swift in Sources */,
				6E9100E52A4F542B003D790B /* TransactionCategory.swift in Sources */,
				6E76D7672A4CF47F009052AF /* UnelevetedButtonStyle.swift in Sources */,
				6E76D78E2A4D004D009052AF /* ApiService.swift in Sources */,
				6E76D7352A4C8726009052AF /* WorldOfPAYBACKTests.swift in Sources */,
				6E76D7622A4CD33F009052AF /* NetworkObserver.swift in Sources */,
				6E76D79F2A4D0573009052AF /* LoginModels.swift in Sources */,
				6E1E2F752A4DEAC300E0C496 /* SplashView.swift in Sources */,
				6E76D7782A4CF829009052AF /* SessionManager.swift in Sources */,
				6E1E2F812A4E266400E0C496 /* BottomTabContainerView.swift in Sources */,
				6E76D7922A4D007B009052AF /* AppConstants.swift in Sources */,
				6E9100D82A4F2011003D790B /* SettingsView.swift in Sources */,
				6E76D79B2A4D0171009052AF /* TransactionsResponse.swift in Sources */,
				6E76D7822A4CFE37009052AF /* SuccessToastView.swift in Sources */,
				6E1E2F792A4DEC8B00E0C496 /* LoginView.swift in Sources */,
				6E76D7572A4CBCA4009052AF /* BaseViewModel.swift in Sources */,
				6E1E2F7D2A4E22A400E0C496 /* LoginViewModel.swift in Sources */,
			);
			runOnlyForDeploymentPostprocessing = 0;
		};
		6E76D7362A4C8726009052AF /* Sources */ = {
			isa = PBXSourcesBuildPhase;
			buildActionMask = 2147483647;
			files = (
				6E76D7682A4CF47F009052AF /* UnelevetedButtonStyle.swift in Sources */,
				6E9100E22A4F29FE003D790B /* TransactionsViewModel.swift in Sources */,
				6E76D76C2A4CF4C1009052AF /* OutlinedButtonStyle.swift in Sources */,
				6E1E2F7E2A4E22A400E0C496 /* LoginViewModel.swift in Sources */,
				6E1E2F8F2A4E54F400E0C496 /* RoundedTextField.swift in Sources */,
				6E76D7792A4CF829009052AF /* SessionManager.swift in Sources */,
				6E76D7872A4CFE5F009052AF /* ErrorToastView.swift in Sources */,
				6E76D7932A4D007B009052AF /* AppConstants.swift in Sources */,
				6E76D7412A4C8726009052AF /* WorldOfPAYBACKUITestsLaunchTests.swift in Sources */,
				6E76D77E2A4CFD52009052AF /* JsonLoader.swift in Sources */,
				6E1E2F932A4E634F00E0C496 /* RoundedTextFieldStyle.swift in Sources */,
				6E1E2F822A4E266400E0C496 /* BottomTabContainerView.swift in Sources */,
				6E76D79C2A4D0171009052AF /* TransactionsResponse.swift in Sources */,
				6E9100DD2A4F2021003D790B /* TransactionView.swift in Sources */,
				6E76D7752A4CF677009052AF /* AppState.swift in Sources */,
				6E76D7702A4CF51C009052AF /* TextStyles.swift in Sources */,
				6E9100E62A4F542B003D790B /* TransactionCategory.swift in Sources */,
				6E76D7832A4CFE37009052AF /* SuccessToastView.swift in Sources */,
				6E76D78B2A4CFF6D009052AF /* RequestHelper.swift in Sources */,
				6E9100D52A4ED969003D790B /* SignUpView.swift in Sources */,
				6E76D7972A4D00CB009052AF /* SpinLoaderView.swift in Sources */,
				6E76D73F2A4C8726009052AF /* WorldOfPAYBACKUITests.swift in Sources */,
				6E76D7632A4CD33F009052AF /* NetworkObserver.swift in Sources */,
				6E1E2F7A2A4DEC8B00E0C496 /* LoginView.swift in Sources */,
				6E9100D92A4F2011003D790B /* SettingsView.swift in Sources */,
				6E76D7A02A4D0573009052AF /* LoginModels.swift in Sources */,
				6E1E2F862A4E271700E0C496 /* Extensions.swift in Sources */,
				6E1E2F712A4DE7AE00E0C496 /* MainContentView.swift in Sources */,
				6E1E2F762A4DEAC300E0C496 /* SplashView.swift in Sources */,
				6E76D78F2A4D004D009052AF /* ApiService.swift in Sources */,
				6E76D7582A4CBCA4009052AF /* BaseViewModel.swift in Sources */,
			);
			runOnlyForDeploymentPostprocessing = 0;
		};
/* End PBXSourcesBuildPhase section */

/* Begin PBXTargetDependency section */
		6E76D7322A4C8726009052AF /* PBXTargetDependency */ = {
			isa = PBXTargetDependency;
			target = 6E76D71F2A4C8724009052AF /* WorldOfPAYBACK */;
			targetProxy = 6E76D7312A4C8726009052AF /* PBXContainerItemProxy */;
		};
		6E76D73C2A4C8726009052AF /* PBXTargetDependency */ = {
			isa = PBXTargetDependency;
			target = 6E76D71F2A4C8724009052AF /* WorldOfPAYBACK */;
			targetProxy = 6E76D73B2A4C8726009052AF /* PBXContainerItemProxy */;
		};
/* End PBXTargetDependency section */

/* Begin XCBuildConfiguration section */
		6E76D7422A4C8726009052AF /* Debug */ = {
			isa = XCBuildConfiguration;
			buildSettings = {
				ALWAYS_SEARCH_USER_PATHS = NO;
				CLANG_ANALYZER_NONNULL = YES;
				CLANG_ANALYZER_NUMBER_OBJECT_CONVERSION = YES_AGGRESSIVE;
				CLANG_CXX_LANGUAGE_STANDARD = "gnu++20";
				CLANG_ENABLE_MODULES = YES;
				CLANG_ENABLE_OBJC_ARC = YES;
				CLANG_ENABLE_OBJC_WEAK = YES;
				CLANG_WARN_BLOCK_CAPTURE_AUTORELEASING = YES;
				CLANG_WARN_BOOL_CONVERSION = YES;
				CLANG_WARN_COMMA = YES;
				CLANG_WARN_CONSTANT_CONVERSION = YES;
				CLANG_WARN_DEPRECATED_OBJC_IMPLEMENTATIONS = YES;
				CLANG_WARN_DIRECT_OBJC_ISA_USAGE = YES_ERROR;
				CLANG_WARN_DOCUMENTATION_COMMENTS = YES;
				CLANG_WARN_EMPTY_BODY = YES;
				CLANG_WARN_ENUM_CONVERSION = YES;
				CLANG_WARN_INFINITE_RECURSION = YES;
				CLANG_WARN_INT_CONVERSION = YES;
				CLANG_WARN_NON_LITERAL_NULL_CONVERSION = YES;
				CLANG_WARN_OBJC_IMPLICIT_RETAIN_SELF = YES;
				CLANG_WARN_OBJC_LITERAL_CONVERSION = YES;
				CLANG_WARN_OBJC_ROOT_CLASS = YES_ERROR;
				CLANG_WARN_QUOTED_INCLUDE_IN_FRAMEWORK_HEADER = YES;
				CLANG_WARN_RANGE_LOOP_ANALYSIS = YES;
				CLANG_WARN_STRICT_PROTOTYPES = YES;
				CLANG_WARN_SUSPICIOUS_MOVE = YES;
				CLANG_WARN_UNGUARDED_AVAILABILITY = YES_AGGRESSIVE;
				CLANG_WARN_UNREACHABLE_CODE = YES;
				CLANG_WARN__DUPLICATE_METHOD_MATCH = YES;
				COPY_PHASE_STRIP = NO;
				DEBUG_INFORMATION_FORMAT = dwarf;
				ENABLE_STRICT_OBJC_MSGSEND = YES;
				ENABLE_TESTABILITY = YES;
				GCC_C_LANGUAGE_STANDARD = gnu11;
				GCC_DYNAMIC_NO_PIC = NO;
				GCC_NO_COMMON_BLOCKS = YES;
				GCC_OPTIMIZATION_LEVEL = 0;
				GCC_PREPROCESSOR_DEFINITIONS = (
					"DEBUG=1",
					"$(inherited)",
				);
				GCC_WARN_64_TO_32_BIT_CONVERSION = YES;
				GCC_WARN_ABOUT_RETURN_TYPE = YES_ERROR;
				GCC_WARN_UNDECLARED_SELECTOR = YES;
				GCC_WARN_UNINITIALIZED_AUTOS = YES_AGGRESSIVE;
				GCC_WARN_UNUSED_FUNCTION = YES;
				GCC_WARN_UNUSED_VARIABLE = YES;
				IPHONEOS_DEPLOYMENT_TARGET = 16.4;
				MTL_ENABLE_DEBUG_INFO = INCLUDE_SOURCE;
				MTL_FAST_MATH = YES;
				ONLY_ACTIVE_ARCH = YES;
				SDKROOT = iphoneos;
				SWIFT_ACTIVE_COMPILATION_CONDITIONS = DEBUG;
				SWIFT_OPTIMIZATION_LEVEL = "-Onone";
			};
			name = Debug;
		};
		6E76D7432A4C8726009052AF /* Release */ = {
			isa = XCBuildConfiguration;
			buildSettings = {
				ALWAYS_SEARCH_USER_PATHS = NO;
				CLANG_ANALYZER_NONNULL = YES;
				CLANG_ANALYZER_NUMBER_OBJECT_CONVERSION = YES_AGGRESSIVE;
				CLANG_CXX_LANGUAGE_STANDARD = "gnu++20";
				CLANG_ENABLE_MODULES = YES;
				CLANG_ENABLE_OBJC_ARC = YES;
				CLANG_ENABLE_OBJC_WEAK = YES;
				CLANG_WARN_BLOCK_CAPTURE_AUTORELEASING = YES;
				CLANG_WARN_BOOL_CONVERSION = YES;
				CLANG_WARN_COMMA = YES;
				CLANG_WARN_CONSTANT_CONVERSION = YES;
				CLANG_WARN_DEPRECATED_OBJC_IMPLEMENTATIONS = YES;
				CLANG_WARN_DIRECT_OBJC_ISA_USAGE = YES_ERROR;
				CLANG_WARN_DOCUMENTATION_COMMENTS = YES;
				CLANG_WARN_EMPTY_BODY = YES;
				CLANG_WARN_ENUM_CONVERSION = YES;
				CLANG_WARN_INFINITE_RECURSION = YES;
				CLANG_WARN_INT_CONVERSION = YES;
				CLANG_WARN_NON_LITERAL_NULL_CONVERSION = YES;
				CLANG_WARN_OBJC_IMPLICIT_RETAIN_SELF = YES;
				CLANG_WARN_OBJC_LITERAL_CONVERSION = YES;
				CLANG_WARN_OBJC_ROOT_CLASS = YES_ERROR;
				CLANG_WARN_QUOTED_INCLUDE_IN_FRAMEWORK_HEADER = YES;
				CLANG_WARN_RANGE_LOOP_ANALYSIS = YES;
				CLANG_WARN_STRICT_PROTOTYPES = YES;
				CLANG_WARN_SUSPICIOUS_MOVE = YES;
				CLANG_WARN_UNGUARDED_AVAILABILITY = YES_AGGRESSIVE;
				CLANG_WARN_UNREACHABLE_CODE = YES;
				CLANG_WARN__DUPLICATE_METHOD_MATCH = YES;
				COPY_PHASE_STRIP = NO;
				DEBUG_INFORMATION_FORMAT = "dwarf-with-dsym";
				ENABLE_NS_ASSERTIONS = NO;
				ENABLE_STRICT_OBJC_MSGSEND = YES;
				GCC_C_LANGUAGE_STANDARD = gnu11;
				GCC_NO_COMMON_BLOCKS = YES;
				GCC_WARN_64_TO_32_BIT_CONVERSION = YES;
				GCC_WARN_ABOUT_RETURN_TYPE = YES_ERROR;
				GCC_WARN_UNDECLARED_SELECTOR = YES;
				GCC_WARN_UNINITIALIZED_AUTOS = YES_AGGRESSIVE;
				GCC_WARN_UNUSED_FUNCTION = YES;
				GCC_WARN_UNUSED_VARIABLE = YES;
				IPHONEOS_DEPLOYMENT_TARGET = 16.4;
				MTL_ENABLE_DEBUG_INFO = NO;
				MTL_FAST_MATH = YES;
				SDKROOT = iphoneos;
				SWIFT_COMPILATION_MODE = wholemodule;
				SWIFT_OPTIMIZATION_LEVEL = "-O";
				VALIDATE_PRODUCT = YES;
			};
			name = Release;
		};
		6E76D7452A4C8726009052AF /* Debug */ = {
			isa = XCBuildConfiguration;
			buildSettings = {
				ASSETCATALOG_COMPILER_APPICON_NAME = AppIcon;
				ASSETCATALOG_COMPILER_GLOBAL_ACCENT_COLOR_NAME = AccentColor;
				CODE_SIGN_STYLE = Automatic;
				CURRENT_PROJECT_VERSION = 1;
				DEVELOPMENT_ASSET_PATHS = "\"WorldOfPAYBACK/Preview Content\"";
				DEVELOPMENT_TEAM = 98Y82E8B3H;
				ENABLE_PREVIEWS = YES;
				GENERATE_INFOPLIST_FILE = YES;
				INFOPLIST_KEY_UIApplicationSceneManifest_Generation = YES;
				INFOPLIST_KEY_UIApplicationSupportsIndirectInputEvents = YES;
				INFOPLIST_KEY_UILaunchScreen_Generation = YES;
				INFOPLIST_KEY_UISupportedInterfaceOrientations_iPad = "UIInterfaceOrientationPortrait UIInterfaceOrientationPortraitUpsideDown UIInterfaceOrientationLandscapeLeft UIInterfaceOrientationLandscapeRight";
				INFOPLIST_KEY_UISupportedInterfaceOrientations_iPhone = "UIInterfaceOrientationPortrait UIInterfaceOrientationLandscapeLeft UIInterfaceOrientationLandscapeRight";
				LD_RUNPATH_SEARCH_PATHS = (
					"$(inherited)",
					"@executable_path/Frameworks",
				);
				MARKETING_VERSION = 1.0;
				PRODUCT_BUNDLE_IDENTIFIER = com.payback.WorldOfPAYBACK;
				PRODUCT_NAME = "$(TARGET_NAME)";
				SWIFT_EMIT_LOC_STRINGS = YES;
				SWIFT_VERSION = 5.0;
				TARGETED_DEVICE_FAMILY = "1,2";
			};
			name = Debug;
		};
		6E76D7462A4C8726009052AF /* Release */ = {
			isa = XCBuildConfiguration;
			buildSettings = {
				ASSETCATALOG_COMPILER_APPICON_NAME = AppIcon;
				ASSETCATALOG_COMPILER_GLOBAL_ACCENT_COLOR_NAME = AccentColor;
				CODE_SIGN_STYLE = Automatic;
				CURRENT_PROJECT_VERSION = 1;
				DEVELOPMENT_ASSET_PATHS = "\"WorldOfPAYBACK/Preview Content\"";
				DEVELOPMENT_TEAM = 98Y82E8B3H;
				ENABLE_PREVIEWS = YES;
				GENERATE_INFOPLIST_FILE = YES;
				INFOPLIST_KEY_UIApplicationSceneManifest_Generation = YES;
				INFOPLIST_KEY_UIApplicationSupportsIndirectInputEvents = YES;
				INFOPLIST_KEY_UILaunchScreen_Generation = YES;
				INFOPLIST_KEY_UISupportedInterfaceOrientations_iPad = "UIInterfaceOrientationPortrait UIInterfaceOrientationPortraitUpsideDown UIInterfaceOrientationLandscapeLeft UIInterfaceOrientationLandscapeRight";
				INFOPLIST_KEY_UISupportedInterfaceOrientations_iPhone = "UIInterfaceOrientationPortrait UIInterfaceOrientationLandscapeLeft UIInterfaceOrientationLandscapeRight";
				LD_RUNPATH_SEARCH_PATHS = (
					"$(inherited)",
					"@executable_path/Frameworks",
				);
				MARKETING_VERSION = 1.0;
				PRODUCT_BUNDLE_IDENTIFIER = com.payback.WorldOfPAYBACK;
				PRODUCT_NAME = "$(TARGET_NAME)";
				SWIFT_EMIT_LOC_STRINGS = YES;
				SWIFT_VERSION = 5.0;
				TARGETED_DEVICE_FAMILY = "1,2";
			};
			name = Release;
		};
		6E76D7482A4C8726009052AF /* Debug */ = {
			isa = XCBuildConfiguration;
			buildSettings = {
				ALWAYS_EMBED_SWIFT_STANDARD_LIBRARIES = YES;
				BUNDLE_LOADER = "$(TEST_HOST)";
				CODE_SIGN_STYLE = Automatic;
				CURRENT_PROJECT_VERSION = 1;
				GENERATE_INFOPLIST_FILE = YES;
				IPHONEOS_DEPLOYMENT_TARGET = 16.4;
				MARKETING_VERSION = 1.0;
				PRODUCT_BUNDLE_IDENTIFIER = com.payback.WorldOfPAYBACKTests;
				PRODUCT_NAME = "$(TARGET_NAME)";
				SWIFT_EMIT_LOC_STRINGS = NO;
				SWIFT_VERSION = 5.0;
				TARGETED_DEVICE_FAMILY = "1,2";
				TEST_HOST = "$(BUILT_PRODUCTS_DIR)/WorldOfPAYBACK.app/$(BUNDLE_EXECUTABLE_FOLDER_PATH)/WorldOfPAYBACK";
			};
			name = Debug;
		};
		6E76D7492A4C8726009052AF /* Release */ = {
			isa = XCBuildConfiguration;
			buildSettings = {
				ALWAYS_EMBED_SWIFT_STANDARD_LIBRARIES = YES;
				BUNDLE_LOADER = "$(TEST_HOST)";
				CODE_SIGN_STYLE = Automatic;
				CURRENT_PROJECT_VERSION = 1;
				GENERATE_INFOPLIST_FILE = YES;
				IPHONEOS_DEPLOYMENT_TARGET = 16.4;
				MARKETING_VERSION = 1.0;
				PRODUCT_BUNDLE_IDENTIFIER = com.payback.WorldOfPAYBACKTests;
				PRODUCT_NAME = "$(TARGET_NAME)";
				SWIFT_EMIT_LOC_STRINGS = NO;
				SWIFT_VERSION = 5.0;
				TARGETED_DEVICE_FAMILY = "1,2";
				TEST_HOST = "$(BUILT_PRODUCTS_DIR)/WorldOfPAYBACK.app/$(BUNDLE_EXECUTABLE_FOLDER_PATH)/WorldOfPAYBACK";
			};
			name = Release;
		};
		6E76D74B2A4C8726009052AF /* Debug */ = {
			isa = XCBuildConfiguration;
			buildSettings = {
				ALWAYS_EMBED_SWIFT_STANDARD_LIBRARIES = YES;
				CODE_SIGN_STYLE = Automatic;
				CURRENT_PROJECT_VERSION = 1;
				GENERATE_INFOPLIST_FILE = YES;
				MARKETING_VERSION = 1.0;
				PRODUCT_BUNDLE_IDENTIFIER = com.payback.WorldOfPAYBACKUITests;
				PRODUCT_NAME = "$(TARGET_NAME)";
				SWIFT_EMIT_LOC_STRINGS = NO;
				SWIFT_VERSION = 5.0;
				TARGETED_DEVICE_FAMILY = "1,2";
				TEST_TARGET_NAME = WorldOfPAYBACK;
			};
			name = Debug;
		};
		6E76D74C2A4C8726009052AF /* Release */ = {
			isa = XCBuildConfiguration;
			buildSettings = {
				ALWAYS_EMBED_SWIFT_STANDARD_LIBRARIES = YES;
				CODE_SIGN_STYLE = Automatic;
				CURRENT_PROJECT_VERSION = 1;
				GENERATE_INFOPLIST_FILE = YES;
				MARKETING_VERSION = 1.0;
				PRODUCT_BUNDLE_IDENTIFIER = com.payback.WorldOfPAYBACKUITests;
				PRODUCT_NAME = "$(TARGET_NAME)";
				SWIFT_EMIT_LOC_STRINGS = NO;
				SWIFT_VERSION = 5.0;
				TARGETED_DEVICE_FAMILY = "1,2";
				TEST_TARGET_NAME = WorldOfPAYBACK;
			};
			name = Release;
		};
/* End XCBuildConfiguration section */

/* Begin XCConfigurationList section */
		6E76D71B2A4C8724009052AF /* Build configuration list for PBXProject "WorldOfPAYBACK" */ = {
			isa = XCConfigurationList;
			buildConfigurations = (
				6E76D7422A4C8726009052AF /* Debug */,
				6E76D7432A4C8726009052AF /* Release */,
			);
			defaultConfigurationIsVisible = 0;
			defaultConfigurationName = Release;
		};
		6E76D7442A4C8726009052AF /* Build configuration list for PBXNativeTarget "WorldOfPAYBACK" */ = {
			isa = XCConfigurationList;
			buildConfigurations = (
				6E76D7452A4C8726009052AF /* Debug */,
				6E76D7462A4C8726009052AF /* Release */,
			);
			defaultConfigurationIsVisible = 0;
			defaultConfigurationName = Release;
		};
		6E76D7472A4C8726009052AF /* Build configuration list for PBXNativeTarget "WorldOfPAYBACKTests" */ = {
			isa = XCConfigurationList;
			buildConfigurations = (
				6E76D7482A4C8726009052AF /* Debug */,
				6E76D7492A4C8726009052AF /* Release */,
			);
			defaultConfigurationIsVisible = 0;
			defaultConfigurationName = Release;
		};
		6E76D74A2A4C8726009052AF /* Build configuration list for PBXNativeTarget "WorldOfPAYBACKUITests" */ = {
			isa = XCConfigurationList;
			buildConfigurations = (
				6E76D74B2A4C8726009052AF /* Debug */,
				6E76D74C2A4C8726009052AF /* Release */,
			);
			defaultConfigurationIsVisible = 0;
			defaultConfigurationName = Release;
		};
/* End XCConfigurationList section */
	};
	rootObject = 6E76D7182A4C8724009052AF /* Project object */;
}
